{
  "name": "lm-game",
  "version": "1.0.0",
  "lockfileVersion": 2,
  "requires": true,
  "packages": {
    "": {
      "name": "lm-game",
      "version": "1.0.0",
      "license": "ISC",
      "dependencies": {
        "esbuild": "^0.12.19",
        "kaboom": "^2000.1.2"
      }
    },
    "node_modules/esbuild": {
      "version": "0.12.29",
      "resolved": "https://registry.npmjs.org/esbuild/-/esbuild-0.12.29.tgz",
      "integrity": "sha512-w/XuoBCSwepyiZtIRsKsetiLDUVGPVw1E/R3VTFSecIy8UR7Cq3SOtwKHJMFoVqqVG36aGkzh4e8BvpO1Fdc7g==",
      "hasInstallScript": true,
      "bin": {
        "esbuild": "bin/esbuild"
      }
    },
    "node_modules/kaboom": {
      "version": "2000.2.10",
      "resolved": "https://registry.npmjs.org/kaboom/-/kaboom-2000.2.10.tgz",
      "integrity": "sha512-OHWdRuRMNkTkpO0/1R4ljS4+vpPtf6PvN+S0WTe+PkPB6Z61rmunw4SKTQDkrCt7dDzEIZTnK1G6s7rttd61Bw=="
    }
  },
  "dependencies": {
    "esbuild": {
      "version": "0.12.29",
      "resolved": "https://registry.npmjs.org/esbuild/-/esbuild-0.12.29.tgz",
      "integrity": "sha512-w/XuoBCSwepyiZtIRsKsetiLDUVGPVw1E/R3VTFSecIy8UR7Cq3SOtwKHJMFoVqqVG36aGkzh4e8BvpO1Fdc7g=="
    },
    "kaboom": {
      "version": "2000.2.10",
      "resolved": "https://registry.npmjs.org/kaboom/-/kaboom-2000.2.10.tgz",
      "integrity": "sha512-OHWdRuRMNkTkpO0/1R4ljS4+vpPtf6PvN+S0WTe+PkPB6Z61rmunw4SKTQDkrCt7dDzEIZTnK1G6s7rttd61Bw=="
    }
  }
}
